{
  "requires": true,
  "lockfileVersion": 1,
  "dependencies": {
    "react-bootstrap-table2-paginator": {
      "version": "2.1.2",
      "resolved": "https://registry.npmjs.org/react-bootstrap-table2-paginator/-/react-bootstrap-table2-paginator-2.1.2.tgz",
      "integrity": "sha512-LC5znEphhgKJvaSY1q8d+Gj0Nc/1X+VS3tKJjkmWmfv9P61YC/BnwJ+aoqEmQzsLiVGowrzss+i/u+Tip5H+Iw=="
    }
  }
}
